GEM
  remote: http://rubygems.org/
  specs:
    addressable (2.3.6)
    crack (0.4.2)
      safe_yaml (~> 1.0.0)
    netrc (0.7.7)
    rest_client (1.7.3)
      netrc (~> 0.7.7)
    safe_yaml (1.0.3)
    webmock (1.18.0)
      addressable (>= 2.3.6)
      crack (>= 0.3.2)

PLATFORMS
  ruby

DEPENDENCIES
  rest_client (~> 1.7.3)
  webmock (~> 1.18.0)
